
Microsoft Visual Studio Solution File, Format Version 12.00
# Visual Studio Version 16
VisualStudioVersion = 25.0.1706.0
MinimumVisualStudioVersion = 10.0.40219.1
Project("{FAE04EC0-301F-11D3-BF4B-00C04F79EFBC}") = "IESMvc", "IESMvc\IESMvc.csproj", "{100E4CF4-98CE-4D66-BBCD-6F049365F794}"
EndProject
Global
	GlobalSection(SolutionConfigurationPlatforms) = preSolution
		Debug|Any CPU = Debug|Any CPU
		Release|Any CPU = Release|Any CPU
	EndGlobalSection
	GlobalSection(ProjectConfigurationPlatforms) = postSolution
		{100E4CF4-98CE-4D66-BBCD-6F049365F794}.Debug|Any CPU.ActiveCfg = Debug|Any CPU
		{100E4CF4-98CE-4D66-BBCD-6F049365F794}.Debug|Any CPU.Build.0 = Debug|Any CPU
		{100E4CF4-98CE-4D66-BBCD-6F049365F794}.Release|Any CPU.ActiveCfg = Release|Any CPU
		{100E4CF4-98CE-4D66-BBCD-6F049365F794}.Release|Any CPU.Build.0 = Release|Any CPU
	EndGlobalSection
	GlobalSection(SolutionProperties) = preSolution
		HideSolutionNode = FALSE
	EndGlobalSection
	GlobalSection(ExtensibilityGlobals) = postSolution
		SolutionGuid = {BB075E33-A3C6-48CA-A363-F7B2C0042CB8}
	EndGlobalSection
EndGlobal
